// !$*UTF8*$!
{
	archiveVersion = 1;
	classes = {
	};
	objectVersion = 46;
	objects = {

/* Begin PBXBuildFile section */
		9FF3EAD41B477E9B003A7464 /* main.m in Sources */ = {isa = PBXBuildFile; fileRef = 9FF3EAD31B477E9B003A7464 /* main.m */; };
		9FF3EAD71B477E9B003A7464 /* AppDelegate.m in Sources */ = {isa = PBXBuildFile; fileRef = 9FF3EAD61B477E9B003A7464 /* AppDelegate.m */; };
		9FF3EADF1B477E9B003A7464 /* Images.xcassets in Resources */ = {isa = PBXBuildFile; fileRef = 9FF3EADE1B477E9B003A7464 /* Images.xcassets */; };
		9FF3EAEE1B477E9B003A7464 /* sanchaTests.m in Sources */ = {isa = PBXBuildFile; fileRef = 9FF3EAED1B477E9B003A7464 /* sanchaTests.m */; };
/* End PBXBuildFile section */

/* Begin PBXContainerItemProxy section */
		9FF3EAE81B477E9B003A7464 /* PBXContainerItemProxy */ = {
			isa = PBXContainerItemProxy;
			containerPortal = 9FF3EAC61B477E9B003A7464 /* Project object */;
			proxyType = 1;
			remoteGlobalIDString = 9FF3EACD1B477E9B003A7464;
			remoteInfo = sancha;
		};
/* End PBXContainerItemProxy section */

/* Begin PBXFileReference section */
		9FF3EACE1B477E9B003A7464 /* sancha.app */ = {isa = PBXFileReference; explicitFileType = wrapper.application; includeInIndex = 0; path = sancha.app; sourceTree = BUILT_PRODUCTS_DIR; };
		9FF3EAD21B477E9B003A7464 /* Info.plist */ = {isa = PBXFileReference; lastKnownFileType = text.plist.xml; path = Info.plist; sourceTree = "<group>"; };
		9FF3EAD31B477E9B003A7464 /* main.m */ = {isa = PBXFileReference; lastKnownFileType = sourcecode.c.objc; path = main.m; sourceTree = "<group>"; };
		9FF3EAD51B477E9B003A7464 /* AppDelegate.h */ = {isa = PBXFileReference; lastKnownFileType = sourcecode.c.h; path = AppDelegate.h; sourceTree = "<group>"; };
		9FF3EAD61B477E9B003A7464 /* AppDelegate.m */ = {isa = PBXFileReference; lastKnownFileType = sourcecode.c.objc; path = AppDelegate.m; sourceTree = "<group>"; };
		9FF3EADE1B477E9B003A7464 /* Images.xcassets */ = {isa = PBXFileReference; lastKnownFileType = folder.assetcatalog; path = Images.xcassets; sourceTree = "<group>"; };
		9FF3EAE71B477E9B003A7464 /* sanchaTests.xctest */ = {isa = PBXFileReference; explicitFileType = wrapper.cfbundle; includeInIndex = 0; path = sanchaTests.xctest; sourceTree = BUILT_PRODUCTS_DIR; };
		9FF3EAEC1B477E9B003A7464 /* Info.plist */ = {isa = PBXFileReference; lastKnownFileType = text.plist.xml; path = Info.plist; sourceTree = "<group>"; };
		9FF3EAED1B477E9B003A7464 /* sanchaTests.m */ = {isa = PBXFileReference; lastKnownFileType = sourcecode.c.objc; path = sanchaTests.m; sourceTree = "<group>"; };
/* End PBXFileReference section */

/* Begin PBXFrameworksBuildPhase section */
		9FF3EACB1B477E9B003A7464 /* Frameworks */ = {
			isa = PBXFrameworksBuildPhase;
			buildActionMask = 2147483647;
			files = (
			);
			runOnlyForDeploymentPostprocessing = 0;
		};
		9FF3EAE41B477E9B003A7464 /* Frameworks */ = {
			isa = PBXFrameworksBuildPhase;
			buildActionMask = 2147483647;
			files = (
			);
			runOnlyForDeploymentPostprocessing = 0;
		};
/* End PBXFrameworksBuildPhase section */

/* Begin PBXGroup section */
		9FF3EAC51B477E9B003A7464 = {
			isa = PBXGroup;
			children = (
				9FF3EAD01B477E9B003A7464 /* sancha */,
				9FF3EAEA1B477E9B003A7464 /* sanchaTests */,
				9FF3EACF1B477E9B003A7464 /* Products */,
			);
			sourceTree = "<group>";
		};
		9FF3EACF1B477E9B003A7464 /* Products */ = {
			isa = PBXGroup;
			children = (
				9FF3EACE1B477E9B003A7464 /* sancha.app */,
				9FF3EAE71B477E9B003A7464 /* sanchaTests.xctest */,
			);
			name = Products;
			sourceTree = "<group>";
		};
		9FF3EAD01B477E9B003A7464 /* sancha */ = {
			isa = PBXGroup;
			children = (
				9FF3EAD51B477E9B003A7464 /* AppDelegate.h */,
				9FF3EAD61B477E9B003A7464 /* AppDelegate.m */,
				9FF3EADE1B477E9B003A7464 /* Images.xcassets */,
				9FF3EAD11B477E9B003A7464 /* Supporting Files */,
			);
			path = sancha;
			sourceTree = "<group>";
		};
		9FF3EAD11B477E9B003A7464 /* Supporting Files */ = {
			isa = PBXGroup;
			children = (
				9FF3EAD21B477E9B003A7464 /* Info.plist */,
				9FF3EAD31B477E9B003A7464 /* main.m */,
			);
			name = "Supporting Files";
			sourceTree = "<group>";
		};
		9FF3EAEA1B477E9B003A7464 /* sanchaTests */ = {
			isa = PBXGroup;
			children = (
				9FF3EAED1B477E9B003A7464 /* sanchaTests.m */,
				9FF3EAEB1B477E9B003A7464 /* Supporting Files */,
			);
			path = sanchaTests;
			sourceTree = "<group>";
		};
		9FF3EAEB1B477E9B003A7464 /* Supporting Files */ = {
			isa = PBXGroup;
			children = (
				9FF3EAEC1B477E9B003A7464 /* Info.plist */,
			);
			name = "Supporting Files";
			sourceTree = "<group>";
		};
/* End PBXGroup section */

/* Begin PBXNativeTarget section */
		9FF3EACD1B477E9B003A7464 /* sancha */ = {
			isa = PBXNativeTarget;
			buildConfigurationList = 9FF3EAF11B477E9B003A7464 /* Build configuration list for PBXNativeTarget "sancha" */;
			buildPhases = (
				9FF3EACA1B477E9B003A7464 /* Sources */,
				9FF3EACB1B477E9B003A7464 /* Frameworks */,
				9FF3EACC1B477E9B003A7464 /* Resources */,
			);
			buildRules = (
			);
			dependencies = (
			);
			name = sancha;
			productName = sancha;
			productReference = 9FF3EACE1B477E9B003A7464 /* sancha.app */;
			productType = "com.apple.product-type.application";
		};
		9FF3EAE61B477E9B003A7464 /* sanchaTests */ = {
			isa = PBXNativeTarget;
			buildConfigurationList = 9FF3EAF41B477E9B003A7464 /* Build configuration list for PBXNativeTarget "sanchaTests" */;
			buildPhases = (
				9FF3EAE31B477E9B003A7464 /* Sources */,
				9FF3EAE41B477E9B003A7464 /* Frameworks */,
				9FF3EAE51B477E9B003A7464 /* Resources */,
			);
			buildRules = (
			);
			dependencies = (
				9FF3EAE91B477E9B003A7464 /* PBXTargetDependency */,
			);
			name = sanchaTests;
			productName = sanchaTests;
			productReference = 9FF3EAE71B477E9B003A7464 /* sanchaTests.xctest */;
			productType = "com.apple.product-type.bundle.unit-test";
		};
/* End PBXNativeTarget section */

/* Begin PBXProject section */
		9FF3EAC61B477E9B003A7464 /* Project object */ = {
			isa = PBXProject;
			attributes = {
				LastUpgradeCheck = 0630;
				ORGANIZATIONNAME = "Keisuke Tatsumi";
				TargetAttributes = {
					9FF3EACD1B477E9B003A7464 = {
						CreatedOnToolsVersion = 6.3;
					};
					9FF3EAE61B477E9B003A7464 = {
						CreatedOnToolsVersion = 6.3;
						TestTargetID = 9FF3EACD1B477E9B003A7464;
					};
				};
			};
			buildConfigurationList = 9FF3EAC91B477E9B003A7464 /* Build configuration list for PBXProject "sancha" */;
			compatibilityVersion = "Xcode 3.2";
			developmentRegion = English;
			hasScannedForEncodings = 0;
			knownRegions = (
				en,
				Base,
			);
			mainGroup = 9FF3EAC51B477E9B003A7464;
			productRefGroup = 9FF3EACF1B477E9B003A7464 /* Products */;
			projectDirPath = "";
			projectRoot = "";
			targets = (
				9FF3EACD1B477E9B003A7464 /* sancha */,
				9FF3EAE61B477E9B003A7464 /* sanchaTests */,
			);
		};
/* End PBXProject section */

/* Begin PBXResourcesBuildPhase section */
		9FF3EACC1B477E9B003A7464 /* Resources */ = {
			isa = PBXResourcesBuildPhase;
			buildActionMask = 2147483647;
			files = (
				9FF3EADF1B477E9B003A7464 /* Images.xcassets in Resources */,
			);
			runOnlyForDeploymentPostprocessing = 0;
		};
		9FF3EAE51B477E9B003A7464 /* Resources */ = {
			isa = PBXResourcesBuildPhase;
			buildActionMask = 2147483647;
			files = (
			);
			runOnlyForDeploymentPostprocessing = 0;
		};
/* End PBXResourcesBuildPhase section */

/* Begin PBXSourcesBuildPhase section */
		9FF3EACA1B477E9B003A7464 /* Sources */ = {
			isa = PBXSourcesBuildPhase;
			buildActionMask = 2147483647;
			files = (
				9FF3EAD71B477E9B003A7464 /* AppDelegate.m in Sources */,
				9FF3EAD41B477E9B003A7464 /* main.m in Sources */,
			);
			runOnlyForDeploymentPostprocessing = 0;
		};
		9FF3EAE31B477E9B003A7464 /* Sources */ = {
			isa = PBXSourcesBuildPhase;
			buildActionMask = 2147483647;
			files = (
				9FF3EAEE1B477E9B003A7464 /* sanchaTests.m in Sources */,
			);
			runOnlyForDeploymentPostprocessing = 0;
		};
/* End PBXSourcesBuildPhase section */

/* Begin PBXTargetDependency section */
		9FF3EAE91B477E9B003A7464 /* PBXTargetDependency */ = {
			isa = PBXTargetDependency;
			target = 9FF3EACD1B477E9B003A7464 /* sancha */;
			targetProxy = 9FF3EAE81B477E9B003A7464 /* PBXContainerItemProxy */;
		};
/* End PBXTargetDependency section */

/* Begin XCBuildConfiguration section */
		9FF3EAEF1B477E9B003A7464 /* Debug */ = {
			isa = XCBuildConfiguration;
			buildSettings = {
				ALWAYS_SEARCH_USER_PATHS = NO;
				CLANG_CXX_LANGUAGE_STANDARD = "gnu++0x";
				CLANG_CXX_LIBRARY = "libc++";
				CLANG_ENABLE_MODULES = YES;
				CLANG_ENABLE_OBJC_ARC = YES;
				CLANG_WARN_BOOL_CONVERSION = YES;
				CLANG_WARN_CONSTANT_CONVERSION = YES;
				CLANG_WARN_DIRECT_OBJC_ISA_USAGE = YES_ERROR;
				CLANG_WARN_EMPTY_BODY = YES;
				CLANG_WARN_ENUM_CONVERSION = YES;
				CLANG_WARN_INT_CONVERSION = YES;
				CLANG_WARN_OBJC_ROOT_CLASS = YES_ERROR;
				CLANG_WARN_UNREACHABLE_CODE = YES;
				CLANG_WARN__DUPLICATE_METHOD_MATCH = YES;
				"CODE_SIGN_IDENTITY[sdk=iphoneos*]" = "iPhone Developer";
				COPY_PHASE_STRIP = NO;
				DEBUG_INFORMATION_FORMAT = "dwarf-with-dsym";
				ENABLE_STRICT_OBJC_MSGSEND = YES;
				GCC_C_LANGUAGE_STANDARD = gnu99;
				GCC_DYNAMIC_NO_PIC = NO;
				GCC_NO_COMMON_BLOCKS = YES;
				GCC_OPTIMIZATION_LEVEL = 0;
				GCC_PREPROCESSOR_DEFINITIONS = (
					"DEBUG=1",
					"$(inherited)",
				);
				GCC_SYMBOLS_PRIVATE_EXTERN = NO;
				GCC_WARN_64_TO_32_BIT_CONVERSION = YES;
				GCC_WARN_ABOUT_RETURN_TYPE = YES_ERROR;
				GCC_WARN_UNDECLARED_SELECTOR = YES;
				GCC_WARN_UNINITIALIZED_AUTOS = YES_AGGRESSIVE;
				GCC_WARN_UNUSED_FUNCTION = YES;
				GCC_WARN_UNUSED_VARIABLE = YES;
				IPHONEOS_DEPLOYMENT_TARGET = 8.3;
				MTL_ENABLE_DEBUG_INFO = YES;
				ONLY_ACTIVE_ARCH = YES;
				SDKROOT = iphoneos;
			};
			name = Debug;
		};
		9FF3EAF01B477E9B003A7464 /* Release */ = {
			isa = XCBuildConfiguration;
			buildSettings = {
				ALWAYS_SEARCH_USER_PATHS = NO;
				CLANG_CXX_LANGUAGE_STANDARD = "gnu++0x";
				CLANG_CXX_LIBRARY = "libc++";
				CLANG_ENABLE_MODULES = YES;
				CLANG_ENABLE_OBJC_ARC = YES;
				CLANG_WARN_BOOL_CONVERSION = YES;
				CLANG_WARN_CONSTANT_CONVERSION = YES;
				CLANG_WARN_DIRECT_OBJC_ISA_USAGE = YES_ERROR;
				CLANG_WARN_EMPTY_BODY = YES;
				CLANG_WARN_ENUM_CONVERSION = YES;
				CLANG_WARN_INT_CONVERSION = YES;
				CLANG_WARN_OBJC_ROOT_CLASS = YES_ERROR;
				CLANG_WARN_UNREACHABLE_CODE = YES;
				CLANG_WARN__DUPLICATE_METHOD_MATCH = YES;
				"CODE_SIGN_IDENTITY[sdk=iphoneos*]" = "iPhone Developer";
				COPY_PHASE_STRIP = NO;
				DEBUG_INFORMATION_FORMAT = "dwarf-with-dsym";
				ENABLE_NS_ASSERTIONS = NO;
				ENABLE_STRICT_OBJC_MSGSEND = YES;
				GCC_C_LANGUAGE_STANDARD = gnu99;
				GCC_NO_COMMON_BLOCKS = YES;
				GCC_WARN_64_TO_32_BIT_CONVERSION = YES;
				GCC_WARN_ABOUT_RETURN_TYPE = YES_ERROR;
				GCC_WARN_UNDECLARED_SELECTOR = YES;
				GCC_WARN_UNINITIALIZED_AUTOS = YES_AGGRESSIVE;
				GCC_WARN_UNUSED_FUNCTION = YES;
				GCC_WARN_UNUSED_VARIABLE = YES;
				IPHONEOS_DEPLOYMENT_TARGET = 8.3;
				MTL_ENABLE_DEBUG_INFO = NO;
				SDKROOT = iphoneos;
				VALIDATE_PRODUCT = YES;
			};
			name = Release;
		};
		9FF3EAF21B477E9B003A7464 /* Debug */ = {
			isa = XCBuildConfiguration;
			buildSettings = {
				ASSETCATALOG_COMPILER_APPICON_NAME = AppIcon;
				ASSETCATALOG_COMPILER_LAUNCHIMAGE_NAME = LaunchImage;
				INFOPLIST_FILE = sancha/Info.plist;
				LD_RUNPATH_SEARCH_PATHS = "$(inherited) @executable_path/Frameworks";
				PRODUCT_NAME = "$(TARGET_NAME)";
			};
			name = Debug;
		};
		9FF3EAF31B477E9B003A7464 /* Release */ = {
			isa = XCBuildConfiguration;
			buildSettings = {
				ASSETCATALOG_COMPILER_APPICON_NAME = AppIcon;
				ASSETCATALOG_COMPILER_LAUNCHIMAGE_NAME = LaunchImage;
				INFOPLIST_FILE = sancha/Info.plist;
				LD_RUNPATH_SEARCH_PATHS = "$(inherited) @executable_path/Frameworks";
				PRODUCT_NAME = "$(TARGET_NAME)";
			};
			name = Release;
		};
		9FF3EAF51B477E9B003A7464 /* Debug */ = {
			isa = XCBuildConfiguration;
			buildSettings = {
				BUNDLE_LOADER = "$(TEST_HOST)";
				FRAMEWORK_SEARCH_PATHS = (
					"$(SDKROOT)/Developer/Library/Frameworks",
					"$(inherited)",
				);
				GCC_PREPROCESSOR_DEFINITIONS = (
					"DEBUG=1",
					"$(inherited)",
				);
				INFOPLIST_FILE = sanchaTests/Info.plist;
				LD_RUNPATH_SEARCH_PATHS = "$(inherited) @executable_path/Frameworks @loader_path/Frameworks";
				PRODUCT_NAME = "$(TARGET_NAME)";
				TEST_HOST = "$(BUILT_PRODUCTS_DIR)/sancha.app/sancha";
			};
			name = Debug;
		};
		9FF3EAF61B477E9B003A7464 /* Release */ = {
			isa = XCBuildConfiguration;
			buildSettings = {
				BUNDLE_LOADER = "$(TEST_HOST)";
				FRAMEWORK_SEARCH_PATHS = (
					"$(SDKROOT)/Developer/Library/Frameworks",
					"$(inherited)",
				);
				INFOPLIST_FILE = sanchaTests/Info.plist;
				LD_RUNPATH_SEARCH_PATHS = "$(inherited) @executable_path/Frameworks @loader_path/Frameworks";
				PRODUCT_NAME = "$(TARGET_NAME)";
				TEST_HOST = "$(BUILT_PRODUCTS_DIR)/sancha.app/sancha";
			};
			name = Release;
		};
/* End XCBuildConfiguration section */

/* Begin XCConfigurationList section */
		9FF3EAC91B477E9B003A7464 /* Build configuration list for PBXProject "sancha" */ = {
			isa = XCConfigurationList;
			buildConfigurations = (
				9FF3EAEF1B477E9B003A7464 /* Debug */,
				9FF3EAF01B477E9B003A7464 /* Release */,
			);
			defaultConfigurationIsVisible = 0;
			defaultConfigurationName = Release;
		};
		9FF3EAF11B477E9B003A7464 /* Build configuration list for PBXNativeTarget "sancha" */ = {
			isa = XCConfigurationList;
			buildConfigurations = (
				9FF3EAF21B477E9B003A7464 /* Debug */,
				9FF3EAF31B477E9B003A7464 /* Release */,
			);
			defaultConfigurationIsVisible = 0;
			defaultConfigurationName = Release;
		};
		9FF3EAF41B477E9B003A7464 /* Build configuration list for PBXNativeTarget "sanchaTests" */ = {
			isa = XCConfigurationList;
			buildConfigurations = (
				9FF3EAF51B477E9B003A7464 /* Debug */,
				9FF3EAF61B477E9B003A7464 /* Release */,
			);
			defaultConfigurationIsVisible = 0;
			defaultConfigurationName = Release;
		};
/* End XCConfigurationList section */
	};
	rootObject = 9FF3EAC61B477E9B003A7464 /* Project object */;
}
